
Microsoft Visual Studio Solution File, Format Version 12.00
# Visual Studio Version 16
VisualStudioVersion = 16.0.30413.136
MinimumVisualStudioVersion = 10.0.40219.1
Project("{FAE04EC0-301F-11D3-BF4B-00C04F79EFBC}") = "Clases Abstractas", "Entidades\Clases Abstractas.csproj", "{D32B5A0E-C802-4587-8CAB-711D215D3812}"
EndProject
Project("{FAE04EC0-301F-11D3-BF4B-00C04F79EFBC}") = "Archivos", "Archivos\Archivos.csproj", "{EC164459-9DC6-486B-BDC2-B949C5FC50FF}"
EndProject
Project("{FAE04EC0-301F-11D3-BF4B-00C04F79EFBC}") = "Clases Instanciables", "Clases Instanciables\Clases Instanciables.csproj", "{99D23528-5DF3-43A5-BB7D-49009119C590}"
EndProject
Project("{FAE04EC0-301F-11D3-BF4B-00C04F79EFBC}") = "Excepciones", "Excepciones\Excepciones.csproj", "{9D74356B-339B-45DC-8972-86F4B7F3638D}"
EndProject
Project("{FAE04EC0-301F-11D3-BF4B-00C04F79EFBC}") = "Testeo", "Testeo\Testeo.csproj", "{A167EBDB-4747-44F3-9BD7-0AB4E1FC1720}"
EndProject
Project("{FAE04EC0-301F-11D3-BF4B-00C04F79EFBC}") = "Test Unitario", "Test Unitario\Test Unitario.csproj", "{AF64C70B-6BCE-40B0-B533-ED1E2E08562F}"
EndProject
Global
	GlobalSection(SolutionConfigurationPlatforms) = preSolution
		Debug|Any CPU = Debug|Any CPU
		Release|Any CPU = Release|Any CPU
	EndGlobalSection
	GlobalSection(ProjectConfigurationPlatforms) = postSolution
		{D32B5A0E-C802-4587-8CAB-711D215D3812}.Debug|Any CPU.ActiveCfg = Debug|Any CPU
		{D32B5A0E-C802-4587-8CAB-711D215D3812}.Debug|Any CPU.Build.0 = Debug|Any CPU
		{D32B5A0E-C802-4587-8CAB-711D215D3812}.Release|Any CPU.ActiveCfg = Release|Any CPU
		{D32B5A0E-C802-4587-8CAB-711D215D3812}.Release|Any CPU.Build.0 = Release|Any CPU
		{EC164459-9DC6-486B-BDC2-B949C5FC50FF}.Debug|Any CPU.ActiveCfg = Debug|Any CPU
		{EC164459-9DC6-486B-BDC2-B949C5FC50FF}.Debug|Any CPU.Build.0 = Debug|Any CPU
		{EC164459-9DC6-486B-BDC2-B949C5FC50FF}.Release|Any CPU.ActiveCfg = Release|Any CPU
		{EC164459-9DC6-486B-BDC2-B949C5FC50FF}.Release|Any CPU.Build.0 = Release|Any CPU
		{99D23528-5DF3-43A5-BB7D-49009119C590}.Debug|Any CPU.ActiveCfg = Debug|Any CPU
		{99D23528-5DF3-43A5-BB7D-49009119C590}.Debug|Any CPU.Build.0 = Debug|Any CPU
		{99D23528-5DF3-43A5-BB7D-49009119C590}.Release|Any CPU.ActiveCfg = Release|Any CPU
		{99D23528-5DF3-43A5-BB7D-49009119C590}.Release|Any CPU.Build.0 = Release|Any CPU
		{9D74356B-339B-45DC-8972-86F4B7F3638D}.Debug|Any CPU.ActiveCfg = Debug|Any CPU
		{9D74356B-339B-45DC-8972-86F4B7F3638D}.Debug|Any CPU.Build.0 = Debug|Any CPU
		{9D74356B-339B-45DC-8972-86F4B7F3638D}.Release|Any CPU.ActiveCfg = Release|Any CPU
		{9D74356B-339B-45DC-8972-86F4B7F3638D}.Release|Any CPU.Build.0 = Release|Any CPU
		{A167EBDB-4747-44F3-9BD7-0AB4E1FC1720}.Debug|Any CPU.ActiveCfg = Debug|Any CPU
		{A167EBDB-4747-44F3-9BD7-0AB4E1FC1720}.Debug|Any CPU.Build.0 = Debug|Any CPU
		{A167EBDB-4747-44F3-9BD7-0AB4E1FC1720}.Release|Any CPU.ActiveCfg = Release|Any CPU
		{A167EBDB-4747-44F3-9BD7-0AB4E1FC1720}.Release|Any CPU.Build.0 = Release|Any CPU
		{AF64C70B-6BCE-40B0-B533-ED1E2E08562F}.Debug|Any CPU.ActiveCfg = Debug|Any CPU
		{AF64C70B-6BCE-40B0-B533-ED1E2E08562F}.Debug|Any CPU.Build.0 = Debug|Any CPU
		{AF64C70B-6BCE-40B0-B533-ED1E2E08562F}.Release|Any CPU.ActiveCfg = Release|Any CPU
		{AF64C70B-6BCE-40B0-B533-ED1E2E08562F}.Release|Any CPU.Build.0 = Release|Any CPU
	EndGlobalSection
	GlobalSection(SolutionProperties) = preSolution
		HideSolutionNode = FALSE
	EndGlobalSection
	GlobalSection(ExtensibilityGlobals) = postSolution
		SolutionGuid = {CBF19583-8106-4EF1-818C-E884CC55FB6B}
	EndGlobalSection
EndGlobal
