
Microsoft Visual Studio Solution File, Format Version 12.00
# Visual Studio Version 16
VisualStudioVersion = 16.0.31702.278
MinimumVisualStudioVersion = 10.0.40219.1
Project("{FAE04EC0-301F-11D3-BF4B-00C04F79EFBC}") = "Entidades", "Entidades\Entidades.csproj", "{97939712-ECD7-41D8-8610-E31E0B4D3564}"
EndProject
Project("{FAE04EC0-301F-11D3-BF4B-00C04F79EFBC}") = "MiCalculadora", "MiCalculadora\MiCalculadora.csproj", "{4B6278E2-8F56-49D4-B449-42FCB5B5D0D0}"
EndProject
Global
	GlobalSection(SolutionConfigurationPlatforms) = preSolution
		Debug|Any CPU = Debug|Any CPU
		Release|Any CPU = Release|Any CPU
	EndGlobalSection
	GlobalSection(ProjectConfigurationPlatforms) = postSolution
		{97939712-ECD7-41D8-8610-E31E0B4D3564}.Debug|Any CPU.ActiveCfg = Debug|Any CPU
		{97939712-ECD7-41D8-8610-E31E0B4D3564}.Debug|Any CPU.Build.0 = Debug|Any CPU
		{97939712-ECD7-41D8-8610-E31E0B4D3564}.Release|Any CPU.ActiveCfg = Release|Any CPU
		{97939712-ECD7-41D8-8610-E31E0B4D3564}.Release|Any CPU.Build.0 = Release|Any CPU
		{4B6278E2-8F56-49D4-B449-42FCB5B5D0D0}.Debug|Any CPU.ActiveCfg = Debug|Any CPU
		{4B6278E2-8F56-49D4-B449-42FCB5B5D0D0}.Debug|Any CPU.Build.0 = Debug|Any CPU
		{4B6278E2-8F56-49D4-B449-42FCB5B5D0D0}.Release|Any CPU.ActiveCfg = Release|Any CPU
		{4B6278E2-8F56-49D4-B449-42FCB5B5D0D0}.Release|Any CPU.Build.0 = Release|Any CPU
	EndGlobalSection
	GlobalSection(SolutionProperties) = preSolution
		HideSolutionNode = FALSE
	EndGlobalSection
	GlobalSection(ExtensibilityGlobals) = postSolution
		SolutionGuid = {849C2233-2BFD-4E86-9355-EE647AF70AD0}
	EndGlobalSection
EndGlobal
