
Microsoft Visual Studio Solution File, Format Version 12.00
# Visual Studio Version 16
VisualStudioVersion = 16.0.30413.136
MinimumVisualStudioVersion = 10.0.40219.1
Project("{FAE04EC0-301F-11D3-BF4B-00C04F79EFBC}") = "Entidades", "Entidades\Entidades.csproj", "{60EEBCDA-66EB-4993-AABF-5E0A59E197E6}"
EndProject
Project("{FAE04EC0-301F-11D3-BF4B-00C04F79EFBC}") = "MiCalculadora", "MiCalculadora\MiCalculadora.csproj", "{EEC4FBE4-F5C9-4A88-B169-307585A59EB4}"
EndProject
Global
	GlobalSection(SolutionConfigurationPlatforms) = preSolution
		Debug|Any CPU = Debug|Any CPU
		Release|Any CPU = Release|Any CPU
	EndGlobalSection
	GlobalSection(ProjectConfigurationPlatforms) = postSolution
		{60EEBCDA-66EB-4993-AABF-5E0A59E197E6}.Debug|Any CPU.ActiveCfg = Debug|Any CPU
		{60EEBCDA-66EB-4993-AABF-5E0A59E197E6}.Debug|Any CPU.Build.0 = Debug|Any CPU
		{60EEBCDA-66EB-4993-AABF-5E0A59E197E6}.Release|Any CPU.ActiveCfg = Release|Any CPU
		{60EEBCDA-66EB-4993-AABF-5E0A59E197E6}.Release|Any CPU.Build.0 = Release|Any CPU
		{EEC4FBE4-F5C9-4A88-B169-307585A59EB4}.Debug|Any CPU.ActiveCfg = Debug|Any CPU
		{EEC4FBE4-F5C9-4A88-B169-307585A59EB4}.Debug|Any CPU.Build.0 = Debug|Any CPU
		{EEC4FBE4-F5C9-4A88-B169-307585A59EB4}.Release|Any CPU.ActiveCfg = Release|Any CPU
		{EEC4FBE4-F5C9-4A88-B169-307585A59EB4}.Release|Any CPU.Build.0 = Release|Any CPU
	EndGlobalSection
	GlobalSection(SolutionProperties) = preSolution
		HideSolutionNode = FALSE
	EndGlobalSection
	GlobalSection(ExtensibilityGlobals) = postSolution
		SolutionGuid = {87710D2B-906D-40C2-A284-E38A2D49B830}
	EndGlobalSection
EndGlobal
